
Microsoft Visual Studio Solution File, Format Version 12.00
# Visual Studio Version 16
VisualStudioVersion = 16.0.31005.135
MinimumVisualStudioVersion = 10.0.40219.1
Project("{FAE04EC0-301F-11D3-BF4B-00C04F79EFBC}") = "3DRender", "3DRender\3DRender.csproj", "{0D73EE87-D6A6-4399-BB7E-D6BC1D27A59E}"
EndProject
Global
	GlobalSection(SolutionConfigurationPlatforms) = preSolution
		Debug|Any CPU = Debug|Any CPU
		Release|Any CPU = Release|Any CPU
	EndGlobalSection
	GlobalSection(ProjectConfigurationPlatforms) = postSolution
		{0D73EE87-D6A6-4399-BB7E-D6BC1D27A59E}.Debug|Any CPU.ActiveCfg = Debug|Any CPU
		{0D73EE87-D6A6-4399-BB7E-D6BC1D27A59E}.Debug|Any CPU.Build.0 = Debug|Any CPU
		{0D73EE87-D6A6-4399-BB7E-D6BC1D27A59E}.Release|Any CPU.ActiveCfg = Release|Any CPU
		{0D73EE87-D6A6-4399-BB7E-D6BC1D27A59E}.Release|Any CPU.Build.0 = Release|Any CPU
	EndGlobalSection
	GlobalSection(SolutionProperties) = preSolution
		HideSolutionNode = FALSE
	EndGlobalSection
	GlobalSection(ExtensibilityGlobals) = postSolution
		SolutionGuid = {DC4B1BBC-84A1-4E40-8C6E-9A5CC18F0247}
	EndGlobalSection
EndGlobal
